
Microsoft Visual Studio Solution File, Format Version 12.00
Project("{FAE04EC0-301F-11D3-BF4B-00C04F79EFBC}") = "SO.Core", "SO.Core\SO.Core.csproj", "{59A907DD-C5C4-48B7-984C-B0D130F231AA}"
EndProject
Global
	GlobalSection(SolutionConfigurationPlatforms) = preSolution
		Debug|Any CPU = Debug|Any CPU
		Release|Any CPU = Release|Any CPU
	EndGlobalSection
	GlobalSection(ProjectConfigurationPlatforms) = postSolution
		{59A907DD-C5C4-48B7-984C-B0D130F231AA}.Debug|Any CPU.ActiveCfg = Debug|Any CPU
		{59A907DD-C5C4-48B7-984C-B0D130F231AA}.Debug|Any CPU.Build.0 = Debug|Any CPU
		{59A907DD-C5C4-48B7-984C-B0D130F231AA}.Release|Any CPU.ActiveCfg = Release|Any CPU
		{59A907DD-C5C4-48B7-984C-B0D130F231AA}.Release|Any CPU.Build.0 = Release|Any CPU
	EndGlobalSection
EndGlobal
