
Microsoft Visual Studio Solution File, Format Version 12.00
Project("{FAE04EC0-301F-11D3-BF4B-00C04F79EFBC}") = "SO.Core", "SO.Core\SO.Core.csproj", "{59A907DD-C5C4-48B7-984C-B0D130F231AA}"
EndProject
Project("{FAE04EC0-301F-11D3-BF4B-00C04F79EFBC}") = "SO.Data", "SO.Data\SO.Data.csproj", "{ED834987-85D9-4FEA-9F2A-F301B6BBE8EA}"
EndProject
Project("{FAE04EC0-301F-11D3-BF4B-00C04F79EFBC}") = "SO.Web", "SO.Web\SO.Web.csproj", "{B4754449-3A3C-43EE-A1E8-9AEDC9B34C1A}"
EndProject
Project("{2150E333-8FDC-42A3-9474-1A3956D46DE8}") = "Solution Items", "Solution Items", "{6898DC7E-DDE9-4E3F-9292-2AE9C086E0E9}"
	ProjectSection(SolutionItems) = preProject
		compose.yaml = compose.yaml
	EndProjectSection
EndProject
Global
	GlobalSection(SolutionConfigurationPlatforms) = preSolution
		Debug|Any CPU = Debug|Any CPU
		Release|Any CPU = Release|Any CPU
	EndGlobalSection
	GlobalSection(ProjectConfigurationPlatforms) = postSolution
		{59A907DD-C5C4-48B7-984C-B0D130F231AA}.Debug|Any CPU.ActiveCfg = Debug|Any CPU
		{59A907DD-C5C4-48B7-984C-B0D130F231AA}.Debug|Any CPU.Build.0 = Debug|Any CPU
		{59A907DD-C5C4-48B7-984C-B0D130F231AA}.Release|Any CPU.ActiveCfg = Release|Any CPU
		{59A907DD-C5C4-48B7-984C-B0D130F231AA}.Release|Any CPU.Build.0 = Release|Any CPU
		{ED834987-85D9-4FEA-9F2A-F301B6BBE8EA}.Debug|Any CPU.ActiveCfg = Debug|Any CPU
		{ED834987-85D9-4FEA-9F2A-F301B6BBE8EA}.Debug|Any CPU.Build.0 = Debug|Any CPU
		{ED834987-85D9-4FEA-9F2A-F301B6BBE8EA}.Release|Any CPU.ActiveCfg = Release|Any CPU
		{ED834987-85D9-4FEA-9F2A-F301B6BBE8EA}.Release|Any CPU.Build.0 = Release|Any CPU
		{B4754449-3A3C-43EE-A1E8-9AEDC9B34C1A}.Debug|Any CPU.ActiveCfg = Debug|Any CPU
		{B4754449-3A3C-43EE-A1E8-9AEDC9B34C1A}.Debug|Any CPU.Build.0 = Debug|Any CPU
		{B4754449-3A3C-43EE-A1E8-9AEDC9B34C1A}.Release|Any CPU.ActiveCfg = Release|Any CPU
		{B4754449-3A3C-43EE-A1E8-9AEDC9B34C1A}.Release|Any CPU.Build.0 = Release|Any CPU
	EndGlobalSection
EndGlobal
